
Microsoft Visual Studio Solution File, Format Version 12.00
# Visual Studio Version 17
VisualStudioVersion = 17.0.31919.166
MinimumVisualStudioVersion = 10.0.40219.1
Project("{8BC9CEB8-8B4A-11D0-8D11-00A0C91BC942}") = "myconv2d_cpp", "myconv2d_cpp.vcxproj", "{BA51540A-0C0F-4B2F-B35F-B4D894EDC09A}"
EndProject
Global
	GlobalSection(SolutionConfigurationPlatforms) = preSolution
		Debug|x64 = Debug|x64
		Debug|x86 = Debug|x86
		Release|x64 = Release|x64
		Release|x86 = Release|x86
	EndGlobalSection
	GlobalSection(ProjectConfigurationPlatforms) = postSolution
		{BA51540A-0C0F-4B2F-B35F-B4D894EDC09A}.Debug|x64.ActiveCfg = Debug|x64
		{BA51540A-0C0F-4B2F-B35F-B4D894EDC09A}.Debug|x64.Build.0 = Debug|x64
		{BA51540A-0C0F-4B2F-B35F-B4D894EDC09A}.Debug|x86.ActiveCfg = Debug|Win32
		{BA51540A-0C0F-4B2F-B35F-B4D894EDC09A}.Debug|x86.Build.0 = Debug|Win32
		{BA51540A-0C0F-4B2F-B35F-B4D894EDC09A}.Release|x64.ActiveCfg = Release|x64
		{BA51540A-0C0F-4B2F-B35F-B4D894EDC09A}.Release|x64.Build.0 = Release|x64
		{BA51540A-0C0F-4B2F-B35F-B4D894EDC09A}.Release|x86.ActiveCfg = Release|Win32
		{BA51540A-0C0F-4B2F-B35F-B4D894EDC09A}.Release|x86.Build.0 = Release|Win32
	EndGlobalSection
	GlobalSection(SolutionProperties) = preSolution
		HideSolutionNode = FALSE
	EndGlobalSection
	GlobalSection(ExtensibilityGlobals) = postSolution
		SolutionGuid = {3BC8657B-EAB7-4D1E-97A2-6C6637D6AE58}
	EndGlobalSection
EndGlobal
